# This file was autogenerated by Stack.
# You should not edit this file by hand.
# For more information, please see the documentation at:
#   https://docs.haskellstack.org/en/stable/lock_files

packages:
- completed:
    cabal-file:
      size: 1774
      sha256: 03e953e3552e711e0588411d686f22fd1509e7b10f6c8c1b583203095fad7f06
    name: basen
    version: 0.1.0.0
    git: https://gitlab.com/LibreCybernetics/lib/basen-hs
    pantry-tree:
      size: 762
      sha256: 1f3610ffcd7513e76aeabd46252cc149c5815bc608c0d6a33c1f88bdccaa6ebb
    commit: 912b12fb07cbf4b447ccbd013b22ca48e83f9d83
  original:
    git: https://gitlab.com/LibreCybernetics/lib/basen-hs
    commit: 912b12fb07cbf4b447ccbd013b22ca48e83f9d83
snapshots:
- completed:
    size: 523700
    url: https://raw.githubusercontent.com/commercialhaskell/stackage-snapshots/master/lts/14/7.yaml
    sha256: 8e3f3c894be74d71fa4bf085e0a8baae7e4d7622d07ea31a52736b80f8b9bb1a
  original: lts-14.7
