# This file was autogenerated by Stack.
# You should not edit this file by hand.
# For more information, please see the documentation at:
#   https://docs.haskellstack.org/en/stable/lock_files

packages:
- completed:
    cabal-file:
      size: 1669
      sha256: 459aca049f088271001b918101b9cdf321f35ff183bca45a6af904991c5efe79
    name: basen
    version: 0.2.0.0
    git: https://gitlab.com/LibreCybernetics/lib/basen-hs
    pantry-tree:
      size: 1165
      sha256: 6e222f16f5fa3801fab090b934a01724d63004be14aa0c4ec71e507ed0805d6b
    commit: 610616eccffc46cb811edb0be091048f21bddc81
  original:
    git: https://gitlab.com/LibreCybernetics/lib/basen-hs
    commit: 610616eccffc46cb811edb0be091048f21bddc81
snapshots:
- completed:
    size: 523700
    url: https://raw.githubusercontent.com/commercialhaskell/stackage-snapshots/master/lts/14/7.yaml
    sha256: 8e3f3c894be74d71fa4bf085e0a8baae7e4d7622d07ea31a52736b80f8b9bb1a
  original: lts-14.7
